
Microsoft Visual Studio Solution File, Format Version 12.00
# Visual Studio Version 16
VisualStudioVersion = 16.0.30907.101
MinimumVisualStudioVersion = 10.0.40219.1
Project("{FAE04EC0-301F-11D3-BF4B-00C04F79EFBC}") = "loja_simples", "loja_simples\loja_simples.csproj", "{AF7148C8-DAF4-4AD2-8AD8-A0B25E5E981E}"
EndProject
Global
	GlobalSection(SolutionConfigurationPlatforms) = preSolution
		Debug|Any CPU = Debug|Any CPU
		Release|Any CPU = Release|Any CPU
	EndGlobalSection
	GlobalSection(ProjectConfigurationPlatforms) = postSolution
		{AF7148C8-DAF4-4AD2-8AD8-A0B25E5E981E}.Debug|Any CPU.ActiveCfg = Debug|Any CPU
		{AF7148C8-DAF4-4AD2-8AD8-A0B25E5E981E}.Debug|Any CPU.Build.0 = Debug|Any CPU
		{AF7148C8-DAF4-4AD2-8AD8-A0B25E5E981E}.Release|Any CPU.ActiveCfg = Release|Any CPU
		{AF7148C8-DAF4-4AD2-8AD8-A0B25E5E981E}.Release|Any CPU.Build.0 = Release|Any CPU
	EndGlobalSection
	GlobalSection(SolutionProperties) = preSolution
		HideSolutionNode = FALSE
	EndGlobalSection
	GlobalSection(ExtensibilityGlobals) = postSolution
		SolutionGuid = {98B688DC-C0F2-4E38-9036-0A0E7421AB69}
	EndGlobalSection
EndGlobal
